// !$*UTF8*$!
{
	archiveVersion = 1;
	classes = {
	};
	objectVersion = 50;
	objects = {

/* Begin PBXBuildFile section */
		437D810C210CAA01007D4EBC /* AppDelegate.swift in Sources */ = {isa = PBXBuildFile; fileRef = 437D810B210CAA01007D4EBC /* AppDelegate.swift */; };
		437D810E210CAA01007D4EBC /* StartController.swift in Sources */ = {isa = PBXBuildFile; fileRef = 437D810D210CAA01007D4EBC /* StartController.swift */; };
		437D8111210CAA01007D4EBC /* Main.storyboard in Resources */ = {isa = PBXBuildFile; fileRef = 437D810F210CAA01007D4EBC /* Main.storyboard */; };
		437D8114210CAA01007D4EBC /* photoCollectTest.xcdatamodeld in Sources */ = {isa = PBXBuildFile; fileRef = 437D8112210CAA01007D4EBC /* photoCollectTest.xcdatamodeld */; };
		437D8116210CAA13007D4EBC /* Assets.xcassets in Resources */ = {isa = PBXBuildFile; fileRef = 437D8115210CAA13007D4EBC /* Assets.xcassets */; };
		437D8119210CAA14007D4EBC /* LaunchScreen.storyboard in Resources */ = {isa = PBXBuildFile; fileRef = 437D8117210CAA14007D4EBC /* LaunchScreen.storyboard */; };
		437D8124210CAA14007D4EBC /* photoCollectTestTests.swift in Sources */ = {isa = PBXBuildFile; fileRef = 437D8123210CAA14007D4EBC /* photoCollectTestTests.swift */; };
		437D812F210CAA14007D4EBC /* photoCollectTestUITests.swift in Sources */ = {isa = PBXBuildFile; fileRef = 437D812E210CAA14007D4EBC /* photoCollectTestUITests.swift */; };
		437D813E210CBF8D007D4EBC /* GrabFlickr.swift in Sources */ = {isa = PBXBuildFile; fileRef = 437D813D210CBF8D007D4EBC /* GrabFlickr.swift */; };
		437D8140210CBF97007D4EBC /* constants.swift in Sources */ = {isa = PBXBuildFile; fileRef = 437D813F210CBF97007D4EBC /* constants.swift */; };
		437D8143210CC166007D4EBC /* PhotoController.swift in Sources */ = {isa = PBXBuildFile; fileRef = 437D8142210CC166007D4EBC /* PhotoController.swift */; };
		437D8147210CC219007D4EBC /* PhotoCell.swift in Sources */ = {isa = PBXBuildFile; fileRef = 437D8146210CC219007D4EBC /* PhotoCell.swift */; };
		437D8149210CC25A007D4EBC /* GCD.swift in Sources */ = {isa = PBXBuildFile; fileRef = 437D8148210CC25A007D4EBC /* GCD.swift */; };
		437D814B210CFDD1007D4EBC /* Location.swift in Sources */ = {isa = PBXBuildFile; fileRef = 437D814A210CFDD1007D4EBC /* Location.swift */; };
/* End PBXBuildFile section */

/* Begin PBXContainerItemProxy section */
		437D8120210CAA14007D4EBC /* PBXContainerItemProxy */ = {
			isa = PBXContainerItemProxy;
			containerPortal = 437D8100210CAA01007D4EBC /* Project object */;
			proxyType = 1;
			remoteGlobalIDString = 437D8107210CAA01007D4EBC;
			remoteInfo = photoCollectTest;
		};
		437D812B210CAA14007D4EBC /* PBXContainerItemProxy */ = {
			isa = PBXContainerItemProxy;
			containerPortal = 437D8100210CAA01007D4EBC /* Project object */;
			proxyType = 1;
			remoteGlobalIDString = 437D8107210CAA01007D4EBC;
			remoteInfo = photoCollectTest;
		};
/* End PBXContainerItemProxy section */

/* Begin PBXFileReference section */
		437D8108210CAA01007D4EBC /* photoCollectTest.app */ = {isa = PBXFileReference; explicitFileType = wrapper.application; includeInIndex = 0; path = photoCollectTest.app; sourceTree = BUILT_PRODUCTS_DIR; };
		437D810B210CAA01007D4EBC /* AppDelegate.swift */ = {isa = PBXFileReference; lastKnownFileType = sourcecode.swift; path = AppDelegate.swift; sourceTree = "<group>"; };
		437D810D210CAA01007D4EBC /* StartController.swift */ = {isa = PBXFileReference; lastKnownFileType = sourcecode.swift; path = StartController.swift; sourceTree = "<group>"; };
		437D8110210CAA01007D4EBC /* Base */ = {isa = PBXFileReference; lastKnownFileType = file.storyboard; name = Base; path = Base.lproj/Main.storyboard; sourceTree = "<group>"; };
		437D8113210CAA01007D4EBC /* photoCollectTest.xcdatamodel */ = {isa = PBXFileReference; lastKnownFileType = wrapper.xcdatamodel; path = photoCollectTest.xcdatamodel; sourceTree = "<group>"; };
		437D8115210CAA13007D4EBC /* Assets.xcassets */ = {isa = PBXFileReference; lastKnownFileType = folder.assetcatalog; path = Assets.xcassets; sourceTree = "<group>"; };
		437D8118210CAA14007D4EBC /* Base */ = {isa = PBXFileReference; lastKnownFileType = file.storyboard; name = Base; path = Base.lproj/LaunchScreen.storyboard; sourceTree = "<group>"; };
		437D811A210CAA14007D4EBC /* Info.plist */ = {isa = PBXFileReference; lastKnownFileType = text.plist.xml; path = Info.plist; sourceTree = "<group>"; };
		437D811F210CAA14007D4EBC /* photoCollectTestTests.xctest */ = {isa = PBXFileReference; explicitFileType = wrapper.cfbundle; includeInIndex = 0; path = photoCollectTestTests.xctest; sourceTree = BUILT_PRODUCTS_DIR; };
		437D8123210CAA14007D4EBC /* photoCollectTestTests.swift */ = {isa = PBXFileReference; lastKnownFileType = sourcecode.swift; path = photoCollectTestTests.swift; sourceTree = "<group>"; };
		437D8125210CAA14007D4EBC /* Info.plist */ = {isa = PBXFileReference; lastKnownFileType = text.plist.xml; path = Info.plist; sourceTree = "<group>"; };
		437D812A210CAA14007D4EBC /* photoCollectTestUITests.xctest */ = {isa = PBXFileReference; explicitFileType = wrapper.cfbundle; includeInIndex = 0; path = photoCollectTestUITests.xctest; sourceTree = BUILT_PRODUCTS_DIR; };
		437D812E210CAA14007D4EBC /* photoCollectTestUITests.swift */ = {isa = PBXFileReference; lastKnownFileType = sourcecode.swift; path = photoCollectTestUITests.swift; sourceTree = "<group>"; };
		437D8130210CAA14007D4EBC /* Info.plist */ = {isa = PBXFileReference; lastKnownFileType = text.plist.xml; path = Info.plist; sourceTree = "<group>"; };
		437D813D210CBF8D007D4EBC /* GrabFlickr.swift */ = {isa = PBXFileReference; lastKnownFileType = sourcecode.swift; path = GrabFlickr.swift; sourceTree = "<group>"; };
		437D813F210CBF97007D4EBC /* constants.swift */ = {isa = PBXFileReference; lastKnownFileType = sourcecode.swift; path = constants.swift; sourceTree = "<group>"; };
		437D8142210CC166007D4EBC /* PhotoController.swift */ = {isa = PBXFileReference; lastKnownFileType = sourcecode.swift; path = PhotoController.swift; sourceTree = "<group>"; };
		437D8146210CC219007D4EBC /* PhotoCell.swift */ = {isa = PBXFileReference; lastKnownFileType = sourcecode.swift; path = PhotoCell.swift; sourceTree = "<group>"; };
		437D8148210CC25A007D4EBC /* GCD.swift */ = {isa = PBXFileReference; lastKnownFileType = sourcecode.swift; path = GCD.swift; sourceTree = "<group>"; };
		437D814A210CFDD1007D4EBC /* Location.swift */ = {isa = PBXFileReference; lastKnownFileType = sourcecode.swift; path = Location.swift; sourceTree = "<group>"; };
/* End PBXFileReference section */

/* Begin PBXFrameworksBuildPhase section */
		437D8105210CAA01007D4EBC /* Frameworks */ = {
			isa = PBXFrameworksBuildPhase;
			buildActionMask = 2147483647;
			files = (
			);
			runOnlyForDeploymentPostprocessing = 0;
		};
		437D811C210CAA14007D4EBC /* Frameworks */ = {
			isa = PBXFrameworksBuildPhase;
			buildActionMask = 2147483647;
			files = (
			);
			runOnlyForDeploymentPostprocessing = 0;
		};
		437D8127210CAA14007D4EBC /* Frameworks */ = {
			isa = PBXFrameworksBuildPhase;
			buildActionMask = 2147483647;
			files = (
			);
			runOnlyForDeploymentPostprocessing = 0;
		};
/* End PBXFrameworksBuildPhase section */

/* Begin PBXGroup section */
		437D80FF210CAA01007D4EBC = {
			isa = PBXGroup;
			children = (
				437D810A210CAA01007D4EBC /* photoCollectTest */,
				437D8122210CAA14007D4EBC /* photoCollectTestTests */,
				437D812D210CAA14007D4EBC /* photoCollectTestUITests */,
				437D8109210CAA01007D4EBC /* Products */,
			);
			sourceTree = "<group>";
		};
		437D8109210CAA01007D4EBC /* Products */ = {
			isa = PBXGroup;
			children = (
				437D8108210CAA01007D4EBC /* photoCollectTest.app */,
				437D811F210CAA14007D4EBC /* photoCollectTestTests.xctest */,
				437D812A210CAA14007D4EBC /* photoCollectTestUITests.xctest */,
			);
			name = Products;
			sourceTree = "<group>";
		};
		437D810A210CAA01007D4EBC /* photoCollectTest */ = {
			isa = PBXGroup;
			children = (
				437D810B210CAA01007D4EBC /* AppDelegate.swift */,
				437D8145210CC207007D4EBC /* View */,
				437D8144210CC1A1007D4EBC /* Model */,
				437D8141210CC140007D4EBC /* Controller */,
				437D8115210CAA13007D4EBC /* Assets.xcassets */,
				437D8117210CAA14007D4EBC /* LaunchScreen.storyboard */,
				437D811A210CAA14007D4EBC /* Info.plist */,
			);
			path = photoCollectTest;
			sourceTree = "<group>";
		};
		437D8122210CAA14007D4EBC /* photoCollectTestTests */ = {
			isa = PBXGroup;
			children = (
				437D8123210CAA14007D4EBC /* photoCollectTestTests.swift */,
				437D8125210CAA14007D4EBC /* Info.plist */,
			);
			path = photoCollectTestTests;
			sourceTree = "<group>";
		};
		437D812D210CAA14007D4EBC /* photoCollectTestUITests */ = {
			isa = PBXGroup;
			children = (
				437D812E210CAA14007D4EBC /* photoCollectTestUITests.swift */,
				437D8130210CAA14007D4EBC /* Info.plist */,
			);
			path = photoCollectTestUITests;
			sourceTree = "<group>";
		};
		437D813C210CAA3A007D4EBC /* Flickr */ = {
			isa = PBXGroup;
			children = (
				437D813D210CBF8D007D4EBC /* GrabFlickr.swift */,
				437D813F210CBF97007D4EBC /* constants.swift */,
			);
			path = Flickr;
			sourceTree = "<group>";
		};
		437D8141210CC140007D4EBC /* Controller */ = {
			isa = PBXGroup;
			children = (
				437D810D210CAA01007D4EBC /* StartController.swift */,
				437D8142210CC166007D4EBC /* PhotoController.swift */,
			);
			path = Controller;
			sourceTree = "<group>";
		};
		437D8144210CC1A1007D4EBC /* Model */ = {
			isa = PBXGroup;
			children = (
				437D8112210CAA01007D4EBC /* photoCollectTest.xcdatamodeld */,
				437D8148210CC25A007D4EBC /* GCD.swift */,
				437D814A210CFDD1007D4EBC /* Location.swift */,
				437D813C210CAA3A007D4EBC /* Flickr */,
			);
			path = Model;
			sourceTree = "<group>";
		};
		437D8145210CC207007D4EBC /* View */ = {
			isa = PBXGroup;
			children = (
				437D8146210CC219007D4EBC /* PhotoCell.swift */,
				437D810F210CAA01007D4EBC /* Main.storyboard */,
			);
			path = View;
			sourceTree = "<group>";
		};
/* End PBXGroup section */

/* Begin PBXNativeTarget section */
		437D8107210CAA01007D4EBC /* photoCollectTest */ = {
			isa = PBXNativeTarget;
			buildConfigurationList = 437D8133210CAA14007D4EBC /* Build configuration list for PBXNativeTarget "photoCollectTest" */;
			buildPhases = (
				437D8104210CAA01007D4EBC /* Sources */,
				437D8105210CAA01007D4EBC /* Frameworks */,
				437D8106210CAA01007D4EBC /* Resources */,
			);
			buildRules = (
			);
			dependencies = (
			);
			name = photoCollectTest;
			productName = photoCollectTest;
			productReference = 437D8108210CAA01007D4EBC /* photoCollectTest.app */;
			productType = "com.apple.product-type.application";
		};
		437D811E210CAA14007D4EBC /* photoCollectTestTests */ = {
			isa = PBXNativeTarget;
			buildConfigurationList = 437D8136210CAA14007D4EBC /* Build configuration list for PBXNativeTarget "photoCollectTestTests" */;
			buildPhases = (
				437D811B210CAA14007D4EBC /* Sources */,
				437D811C210CAA14007D4EBC /* Frameworks */,
				437D811D210CAA14007D4EBC /* Resources */,
			);
			buildRules = (
			);
			dependencies = (
				437D8121210CAA14007D4EBC /* PBXTargetDependency */,
			);
			name = photoCollectTestTests;
			productName = photoCollectTestTests;
			productReference = 437D811F210CAA14007D4EBC /* photoCollectTestTests.xctest */;
			productType = "com.apple.product-type.bundle.unit-test";
		};
		437D8129210CAA14007D4EBC /* photoCollectTestUITests */ = {
			isa = PBXNativeTarget;
			buildConfigurationList = 437D8139210CAA14007D4EBC /* Build configuration list for PBXNativeTarget "photoCollectTestUITests" */;
			buildPhases = (
				437D8126210CAA14007D4EBC /* Sources */,
				437D8127210CAA14007D4EBC /* Frameworks */,
				437D8128210CAA14007D4EBC /* Resources */,
			);
			buildRules = (
			);
			dependencies = (
				437D812C210CAA14007D4EBC /* PBXTargetDependency */,
			);
			name = photoCollectTestUITests;
			productName = photoCollectTestUITests;
			productReference = 437D812A210CAA14007D4EBC /* photoCollectTestUITests.xctest */;
			productType = "com.apple.product-type.bundle.ui-testing";
		};
/* End PBXNativeTarget section */

/* Begin PBXProject section */
		437D8100210CAA01007D4EBC /* Project object */ = {
			isa = PBXProject;
			attributes = {
				LastSwiftUpdateCheck = 0940;
				LastUpgradeCheck = 0940;
				ORGANIZATIONNAME = "Andrew Llewellyn";
				TargetAttributes = {
					437D8107210CAA01007D4EBC = {
						CreatedOnToolsVersion = 9.4;
					};
					437D811E210CAA14007D4EBC = {
						CreatedOnToolsVersion = 9.4;
						TestTargetID = 437D8107210CAA01007D4EBC;
					};
					437D8129210CAA14007D4EBC = {
						CreatedOnToolsVersion = 9.4;
						TestTargetID = 437D8107210CAA01007D4EBC;
					};
				};
			};
			buildConfigurationList = 437D8103210CAA01007D4EBC /* Build configuration list for PBXProject "photoCollectTest" */;
			compatibilityVersion = "Xcode 9.3";
			developmentRegion = en;
			hasScannedForEncodings = 0;
			knownRegions = (
				en,
				Base,
			);
			mainGroup = 437D80FF210CAA01007D4EBC;
			productRefGroup = 437D8109210CAA01007D4EBC /* Products */;
			projectDirPath = "";
			projectRoot = "";
			targets = (
				437D8107210CAA01007D4EBC /* photoCollectTest */,
				437D811E210CAA14007D4EBC /* photoCollectTestTests */,
				437D8129210CAA14007D4EBC /* photoCollectTestUITests */,
			);
		};
/* End PBXProject section */

/* Begin PBXResourcesBuildPhase section */
		437D8106210CAA01007D4EBC /* Resources */ = {
			isa = PBXResourcesBuildPhase;
			buildActionMask = 2147483647;
			files = (
				437D8119210CAA14007D4EBC /* LaunchScreen.storyboard in Resources */,
				437D8116210CAA13007D4EBC /* Assets.xcassets in Resources */,
				437D8111210CAA01007D4EBC /* Main.storyboard in Resources */,
			);
			runOnlyForDeploymentPostprocessing = 0;
		};
		437D811D210CAA14007D4EBC /* Resources */ = {
			isa = PBXResourcesBuildPhase;
			buildActionMask = 2147483647;
			files = (
			);
			runOnlyForDeploymentPostprocessing = 0;
		};
		437D8128210CAA14007D4EBC /* Resources */ = {
			isa = PBXResourcesBuildPhase;
			buildActionMask = 2147483647;
			files = (
			);
			runOnlyForDeploymentPostprocessing = 0;
		};
/* End PBXResourcesBuildPhase section */

/* Begin PBXSourcesBuildPhase section */
		437D8104210CAA01007D4EBC /* Sources */ = {
			isa = PBXSourcesBuildPhase;
			buildActionMask = 2147483647;
			files = (
				437D8147210CC219007D4EBC /* PhotoCell.swift in Sources */,
				437D8143210CC166007D4EBC /* PhotoController.swift in Sources */,
				437D8149210CC25A007D4EBC /* GCD.swift in Sources */,
				437D810E210CAA01007D4EBC /* StartController.swift in Sources */,
				437D814B210CFDD1007D4EBC /* Location.swift in Sources */,
				437D810C210CAA01007D4EBC /* AppDelegate.swift in Sources */,
				437D813E210CBF8D007D4EBC /* GrabFlickr.swift in Sources */,
				437D8140210CBF97007D4EBC /* constants.swift in Sources */,
				437D8114210CAA01007D4EBC /* photoCollectTest.xcdatamodeld in Sources */,
			);
			runOnlyForDeploymentPostprocessing = 0;
		};
		437D811B210CAA14007D4EBC /* Sources */ = {
			isa = PBXSourcesBuildPhase;
			buildActionMask = 2147483647;
			files = (
				437D8124210CAA14007D4EBC /* photoCollectTestTests.swift in Sources */,
			);
			runOnlyForDeploymentPostprocessing = 0;
		};
		437D8126210CAA14007D4EBC /* Sources */ = {
			isa = PBXSourcesBuildPhase;
			buildActionMask = 2147483647;
			files = (
				437D812F210CAA14007D4EBC /* photoCollectTestUITests.swift in Sources */,
			);
			runOnlyForDeploymentPostprocessing = 0;
		};
/* End PBXSourcesBuildPhase section */

/* Begin PBXTargetDependency section */
		437D8121210CAA14007D4EBC /* PBXTargetDependency */ = {
			isa = PBXTargetDependency;
			target = 437D8107210CAA01007D4EBC /* photoCollectTest */;
			targetProxy = 437D8120210CAA14007D4EBC /* PBXContainerItemProxy */;
		};
		437D812C210CAA14007D4EBC /* PBXTargetDependency */ = {
			isa = PBXTargetDependency;
			target = 437D8107210CAA01007D4EBC /* photoCollectTest */;
			targetProxy = 437D812B210CAA14007D4EBC /* PBXContainerItemProxy */;
		};
/* End PBXTargetDependency section */

/* Begin PBXVariantGroup section */
		437D810F210CAA01007D4EBC /* Main.storyboard */ = {
			isa = PBXVariantGroup;
			children = (
				437D8110210CAA01007D4EBC /* Base */,
			);
			name = Main.storyboard;
			sourceTree = "<group>";
		};
		437D8117210CAA14007D4EBC /* LaunchScreen.storyboard */ = {
			isa = PBXVariantGroup;
			children = (
				437D8118210CAA14007D4EBC /* Base */,
			);
			name = LaunchScreen.storyboard;
			sourceTree = "<group>";
		};
/* End PBXVariantGroup section */

/* Begin XCBuildConfiguration section */
		437D8131210CAA14007D4EBC /* Debug */ = {
			isa = XCBuildConfiguration;
			buildSettings = {
				ALWAYS_SEARCH_USER_PATHS = NO;
				CLANG_ANALYZER_NONNULL = YES;
				CLANG_ANALYZER_NUMBER_OBJECT_CONVERSION = YES_AGGRESSIVE;
				CLANG_CXX_LANGUAGE_STANDARD = "gnu++14";
				CLANG_CXX_LIBRARY = "libc++";
				CLANG_ENABLE_MODULES = YES;
				CLANG_ENABLE_OBJC_ARC = YES;
				CLANG_ENABLE_OBJC_WEAK = YES;
				CLANG_WARN_BLOCK_CAPTURE_AUTORELEASING = YES;
				CLANG_WARN_BOOL_CONVERSION = YES;
				CLANG_WARN_COMMA = YES;
				CLANG_WARN_CONSTANT_CONVERSION = YES;
				CLANG_WARN_DEPRECATED_OBJC_IMPLEMENTATIONS = YES;
				CLANG_WARN_DIRECT_OBJC_ISA_USAGE = YES_ERROR;
				CLANG_WARN_DOCUMENTATION_COMMENTS = YES;
				CLANG_WARN_EMPTY_BODY = YES;
				CLANG_WARN_ENUM_CONVERSION = YES;
				CLANG_WARN_INFINITE_RECURSION = YES;
				CLANG_WARN_INT_CONVERSION = YES;
				CLANG_WARN_NON_LITERAL_NULL_CONVERSION = YES;
				CLANG_WARN_OBJC_IMPLICIT_RETAIN_SELF = YES;
				CLANG_WARN_OBJC_LITERAL_CONVERSION = YES;
				CLANG_WARN_OBJC_ROOT_CLASS = YES_ERROR;
				CLANG_WARN_RANGE_LOOP_ANALYSIS = YES;
				CLANG_WARN_STRICT_PROTOTYPES = YES;
				CLANG_WARN_SUSPICIOUS_MOVE = YES;
				CLANG_WARN_UNGUARDED_AVAILABILITY = YES_AGGRESSIVE;
				CLANG_WARN_UNREACHABLE_CODE = YES;
				CLANG_WARN__DUPLICATE_METHOD_MATCH = YES;
				CODE_SIGN_IDENTITY = "iPhone Developer";
				COPY_PHASE_STRIP = NO;
				DEBUG_INFORMATION_FORMAT = dwarf;
				ENABLE_STRICT_OBJC_MSGSEND = YES;
				ENABLE_TESTABILITY = YES;
				GCC_C_LANGUAGE_STANDARD = gnu11;
				GCC_DYNAMIC_NO_PIC = NO;
				GCC_NO_COMMON_BLOCKS = YES;
				GCC_OPTIMIZATION_LEVEL = 0;
				GCC_PREPROCESSOR_DEFINITIONS = (
					"DEBUG=1",
					"$(inherited)",
				);
				GCC_WARN_64_TO_32_BIT_CONVERSION = YES;
				GCC_WARN_ABOUT_RETURN_TYPE = YES_ERROR;
				GCC_WARN_UNDECLARED_SELECTOR = YES;
				GCC_WARN_UNINITIALIZED_AUTOS = YES_AGGRESSIVE;
				GCC_WARN_UNUSED_FUNCTION = YES;
				GCC_WARN_UNUSED_VARIABLE = YES;
				IPHONEOS_DEPLOYMENT_TARGET = 11.4;
				MTL_ENABLE_DEBUG_INFO = YES;
				ONLY_ACTIVE_ARCH = YES;
				SDKROOT = iphoneos;
				SWIFT_ACTIVE_COMPILATION_CONDITIONS = DEBUG;
				SWIFT_OPTIMIZATION_LEVEL = "-Onone";
			};
			name = Debug;
		};
		437D8132210CAA14007D4EBC /* Release */ = {
			isa = XCBuildConfiguration;
			buildSettings = {
				ALWAYS_SEARCH_USER_PATHS = NO;
				CLANG_ANALYZER_NONNULL = YES;
				CLANG_ANALYZER_NUMBER_OBJECT_CONVERSION = YES_AGGRESSIVE;
				CLANG_CXX_LANGUAGE_STANDARD = "gnu++14";
				CLANG_CXX_LIBRARY = "libc++";
				CLANG_ENABLE_MODULES = YES;
				CLANG_ENABLE_OBJC_ARC = YES;
				CLANG_ENABLE_OBJC_WEAK = YES;
				CLANG_WARN_BLOCK_CAPTURE_AUTORELEASING = YES;
				CLANG_WARN_BOOL_CONVERSION = YES;
				CLANG_WARN_COMMA = YES;
				CLANG_WARN_CONSTANT_CONVERSION = YES;
				CLANG_WARN_DEPRECATED_OBJC_IMPLEMENTATIONS = YES;
				CLANG_WARN_DIRECT_OBJC_ISA_USAGE = YES_ERROR;
				CLANG_WARN_DOCUMENTATION_COMMENTS = YES;
				CLANG_WARN_EMPTY_BODY = YES;
				CLANG_WARN_ENUM_CONVERSION = YES;
				CLANG_WARN_INFINITE_RECURSION = YES;
				CLANG_WARN_INT_CONVERSION = YES;
				CLANG_WARN_NON_LITERAL_NULL_CONVERSION = YES;
				CLANG_WARN_OBJC_IMPLICIT_RETAIN_SELF = YES;
				CLANG_WARN_OBJC_LITERAL_CONVERSION = YES;
				CLANG_WARN_OBJC_ROOT_CLASS = YES_ERROR;
				CLANG_WARN_RANGE_LOOP_ANALYSIS = YES;
				CLANG_WARN_STRICT_PROTOTYPES = YES;
				CLANG_WARN_SUSPICIOUS_MOVE = YES;
				CLANG_WARN_UNGUARDED_AVAILABILITY = YES_AGGRESSIVE;
				CLANG_WARN_UNREACHABLE_CODE = YES;
				CLANG_WARN__DUPLICATE_METHOD_MATCH = YES;
				CODE_SIGN_IDENTITY = "iPhone Developer";
				COPY_PHASE_STRIP = NO;
				DEBUG_INFORMATION_FORMAT = "dwarf-with-dsym";
				ENABLE_NS_ASSERTIONS = NO;
				ENABLE_STRICT_OBJC_MSGSEND = YES;
				GCC_C_LANGUAGE_STANDARD = gnu11;
				GCC_NO_COMMON_BLOCKS = YES;
				GCC_WARN_64_TO_32_BIT_CONVERSION = YES;
				GCC_WARN_ABOUT_RETURN_TYPE = YES_ERROR;
				GCC_WARN_UNDECLARED_SELECTOR = YES;
				GCC_WARN_UNINITIALIZED_AUTOS = YES_AGGRESSIVE;
				GCC_WARN_UNUSED_FUNCTION = YES;
				GCC_WARN_UNUSED_VARIABLE = YES;
				IPHONEOS_DEPLOYMENT_TARGET = 11.4;
				MTL_ENABLE_DEBUG_INFO = NO;
				SDKROOT = iphoneos;
				SWIFT_COMPILATION_MODE = wholemodule;
				SWIFT_OPTIMIZATION_LEVEL = "-O";
				VALIDATE_PRODUCT = YES;
			};
			name = Release;
		};
		437D8134210CAA14007D4EBC /* Debug */ = {
			isa = XCBuildConfiguration;
			buildSettings = {
				ASSETCATALOG_COMPILER_APPICON_NAME = AppIcon;
				CODE_SIGN_STYLE = Automatic;
				DEVELOPMENT_TEAM = MHU3W89TR4;
				INFOPLIST_FILE = photoCollectTest/Info.plist;
				LD_RUNPATH_SEARCH_PATHS = (
					"$(inherited)",
					"@executable_path/Frameworks",
				);
				PRODUCT_BUNDLE_IDENTIFIER = allwllyn.photoCollectTest;
				PRODUCT_NAME = "$(TARGET_NAME)";
				SWIFT_VERSION = 4.0;
				TARGETED_DEVICE_FAMILY = "1,2";
			};
			name = Debug;
		};
		437D8135210CAA14007D4EBC /* Release */ = {
			isa = XCBuildConfiguration;
			buildSettings = {
				ASSETCATALOG_COMPILER_APPICON_NAME = AppIcon;
				CODE_SIGN_STYLE = Automatic;
				DEVELOPMENT_TEAM = MHU3W89TR4;
				INFOPLIST_FILE = photoCollectTest/Info.plist;
				LD_RUNPATH_SEARCH_PATHS = (
					"$(inherited)",
					"@executable_path/Frameworks",
				);
				PRODUCT_BUNDLE_IDENTIFIER = allwllyn.photoCollectTest;
				PRODUCT_NAME = "$(TARGET_NAME)";
				SWIFT_VERSION = 4.0;
				TARGETED_DEVICE_FAMILY = "1,2";
			};
			name = Release;
		};
		437D8137210CAA14007D4EBC /* Debug */ = {
			isa = XCBuildConfiguration;
			buildSettings = {
				ALWAYS_EMBED_SWIFT_STANDARD_LIBRARIES = YES;
				BUNDLE_LOADER = "$(TEST_HOST)";
				CODE_SIGN_STYLE = Automatic;
				DEVELOPMENT_TEAM = MHU3W89TR4;
				INFOPLIST_FILE = photoCollectTestTests/Info.plist;
				LD_RUNPATH_SEARCH_PATHS = (
					"$(inherited)",
					"@executable_path/Frameworks",
					"@loader_path/Frameworks",
				);
				PRODUCT_BUNDLE_IDENTIFIER = allwllyn.photoCollectTestTests;
				PRODUCT_NAME = "$(TARGET_NAME)";
				SWIFT_VERSION = 4.0;
				TARGETED_DEVICE_FAMILY = "1,2";
				TEST_HOST = "$(BUILT_PRODUCTS_DIR)/photoCollectTest.app/photoCollectTest";
			};
			name = Debug;
		};
		437D8138210CAA14007D4EBC /* Release */ = {
			isa = XCBuildConfiguration;
			buildSettings = {
				ALWAYS_EMBED_SWIFT_STANDARD_LIBRARIES = YES;
				BUNDLE_LOADER = "$(TEST_HOST)";
				CODE_SIGN_STYLE = Automatic;
				DEVELOPMENT_TEAM = MHU3W89TR4;
				INFOPLIST_FILE = photoCollectTestTests/Info.plist;
				LD_RUNPATH_SEARCH_PATHS = (
					"$(inherited)",
					"@executable_path/Frameworks",
					"@loader_path/Frameworks",
				);
				PRODUCT_BUNDLE_IDENTIFIER = allwllyn.photoCollectTestTests;
				PRODUCT_NAME = "$(TARGET_NAME)";
				SWIFT_VERSION = 4.0;
				TARGETED_DEVICE_FAMILY = "1,2";
				TEST_HOST = "$(BUILT_PRODUCTS_DIR)/photoCollectTest.app/photoCollectTest";
			};
			name = Release;
		};
		437D813A210CAA14007D4EBC /* Debug */ = {
			isa = XCBuildConfiguration;
			buildSettings = {
				ALWAYS_EMBED_SWIFT_STANDARD_LIBRARIES = YES;
				CODE_SIGN_STYLE = Automatic;
				DEVELOPMENT_TEAM = MHU3W89TR4;
				INFOPLIST_FILE = photoCollectTestUITests/Info.plist;
				LD_RUNPATH_SEARCH_PATHS = (
					"$(inherited)",
					"@executable_path/Frameworks",
					"@loader_path/Frameworks",
				);
				PRODUCT_BUNDLE_IDENTIFIER = allwllyn.photoCollectTestUITests;
				PRODUCT_NAME = "$(TARGET_NAME)";
				SWIFT_VERSION = 4.0;
				TARGETED_DEVICE_FAMILY = "1,2";
				TEST_TARGET_NAME = photoCollectTest;
			};
			name = Debug;
		};
		437D813B210CAA14007D4EBC /* Release */ = {
			isa = XCBuildConfiguration;
			buildSettings = {
				ALWAYS_EMBED_SWIFT_STANDARD_LIBRARIES = YES;
				CODE_SIGN_STYLE = Automatic;
				DEVELOPMENT_TEAM = MHU3W89TR4;
				INFOPLIST_FILE = photoCollectTestUITests/Info.plist;
				LD_RUNPATH_SEARCH_PATHS = (
					"$(inherited)",
					"@executable_path/Frameworks",
					"@loader_path/Frameworks",
				);
				PRODUCT_BUNDLE_IDENTIFIER = allwllyn.photoCollectTestUITests;
				PRODUCT_NAME = "$(TARGET_NAME)";
				SWIFT_VERSION = 4.0;
				TARGETED_DEVICE_FAMILY = "1,2";
				TEST_TARGET_NAME = photoCollectTest;
			};
			name = Release;
		};
/* End XCBuildConfiguration section */

/* Begin XCConfigurationList section */
		437D8103210CAA01007D4EBC /* Build configuration list for PBXProject "photoCollectTest" */ = {
			isa = XCConfigurationList;
			buildConfigurations = (
				437D8131210CAA14007D4EBC /* Debug */,
				437D8132210CAA14007D4EBC /* Release */,
			);
			defaultConfigurationIsVisible = 0;
			defaultConfigurationName = Release;
		};
		437D8133210CAA14007D4EBC /* Build configuration list for PBXNativeTarget "photoCollectTest" */ = {
			isa = XCConfigurationList;
			buildConfigurations = (
				437D8134210CAA14007D4EBC /* Debug */,
				437D8135210CAA14007D4EBC /* Release */,
			);
			defaultConfigurationIsVisible = 0;
			defaultConfigurationName = Release;
		};
		437D8136210CAA14007D4EBC /* Build configuration list for PBXNativeTarget "photoCollectTestTests" */ = {
			isa = XCConfigurationList;
			buildConfigurations = (
				437D8137210CAA14007D4EBC /* Debug */,
				437D8138210CAA14007D4EBC /* Release */,
			);
			defaultConfigurationIsVisible = 0;
			defaultConfigurationName = Release;
		};
		437D8139210CAA14007D4EBC /* Build configuration list for PBXNativeTarget "photoCollectTestUITests" */ = {
			isa = XCConfigurationList;
			buildConfigurations = (
				437D813A210CAA14007D4EBC /* Debug */,
				437D813B210CAA14007D4EBC /* Release */,
			);
			defaultConfigurationIsVisible = 0;
			defaultConfigurationName = Release;
		};
/* End XCConfigurationList section */

/* Begin XCVersionGroup section */
		437D8112210CAA01007D4EBC /* photoCollectTest.xcdatamodeld */ = {
			isa = XCVersionGroup;
			children = (
				437D8113210CAA01007D4EBC /* photoCollectTest.xcdatamodel */,
			);
			currentVersion = 437D8113210CAA01007D4EBC /* photoCollectTest.xcdatamodel */;
			path = photoCollectTest.xcdatamodeld;
			sourceTree = "<group>";
			versionGroupType = wrapper.xcdatamodel;
		};
/* End XCVersionGroup section */
	};
	rootObject = 437D8100210CAA01007D4EBC /* Project object */;
}
